
Microsoft Visual Studio Solution File, Format Version 12.00
# Visual Studio Version 17
VisualStudioVersion = 17.10.35201.131
MinimumVisualStudioVersion = 10.0.40219.1
Project("{FAE04EC0-301F-11D3-BF4B-00C04F79EFBC}") = "Methods & Functions", "Methods & Functions\Methods & Functions.csproj", "{CD32B05E-1CB7-44F0-920D-A1EDAAD65B78}"
EndProject
Global
	GlobalSection(SolutionConfigurationPlatforms) = preSolution
		Debug|Any CPU = Debug|Any CPU
		Release|Any CPU = Release|Any CPU
	EndGlobalSection
	GlobalSection(ProjectConfigurationPlatforms) = postSolution
		{CD32B05E-1CB7-44F0-920D-A1EDAAD65B78}.Debug|Any CPU.ActiveCfg = Debug|Any CPU
		{CD32B05E-1CB7-44F0-920D-A1EDAAD65B78}.Debug|Any CPU.Build.0 = Debug|Any CPU
		{CD32B05E-1CB7-44F0-920D-A1EDAAD65B78}.Release|Any CPU.ActiveCfg = Release|Any CPU
		{CD32B05E-1CB7-44F0-920D-A1EDAAD65B78}.Release|Any CPU.Build.0 = Release|Any CPU
	EndGlobalSection
	GlobalSection(SolutionProperties) = preSolution
		HideSolutionNode = FALSE
	EndGlobalSection
	GlobalSection(ExtensibilityGlobals) = postSolution
		SolutionGuid = {DFAD66DF-572F-4BF1-ADBF-988C3D791B8C}
	EndGlobalSection
EndGlobal
