
Microsoft Visual Studio Solution File, Format Version 12.00
# Visual Studio Version 17
VisualStudioVersion = 17.10.35201.131
MinimumVisualStudioVersion = 10.0.40219.1
Project("{FAE04EC0-301F-11D3-BF4B-00C04F79EFBC}") = "Inheritance & Polymorphism", "Inheritance & Polymorphism\Inheritance & Polymorphism.csproj", "{43F4736D-B1CB-425E-8881-55DCDE038355}"
EndProject
Global
	GlobalSection(SolutionConfigurationPlatforms) = preSolution
		Debug|Any CPU = Debug|Any CPU
		Release|Any CPU = Release|Any CPU
	EndGlobalSection
	GlobalSection(ProjectConfigurationPlatforms) = postSolution
		{43F4736D-B1CB-425E-8881-55DCDE038355}.Debug|Any CPU.ActiveCfg = Debug|Any CPU
		{43F4736D-B1CB-425E-8881-55DCDE038355}.Debug|Any CPU.Build.0 = Debug|Any CPU
		{43F4736D-B1CB-425E-8881-55DCDE038355}.Release|Any CPU.ActiveCfg = Release|Any CPU
		{43F4736D-B1CB-425E-8881-55DCDE038355}.Release|Any CPU.Build.0 = Release|Any CPU
	EndGlobalSection
	GlobalSection(SolutionProperties) = preSolution
		HideSolutionNode = FALSE
	EndGlobalSection
	GlobalSection(ExtensibilityGlobals) = postSolution
		SolutionGuid = {04E5410D-E0B3-4FEF-A73B-79B6B4E1FAB2}
	EndGlobalSection
EndGlobal
