
Microsoft Visual Studio Solution File, Format Version 12.00
# Visual Studio Version 17
VisualStudioVersion = 17.10.35201.131
MinimumVisualStudioVersion = 10.0.40219.1
Project("{FAE04EC0-301F-11D3-BF4B-00C04F79EFBC}") = "Decision Structures", "Decision Structures\Decision Structures.csproj", "{8FC20FAC-38BD-4A2F-966B-44933B03BB38}"
EndProject
Global
	GlobalSection(SolutionConfigurationPlatforms) = preSolution
		Debug|Any CPU = Debug|Any CPU
		Release|Any CPU = Release|Any CPU
	EndGlobalSection
	GlobalSection(ProjectConfigurationPlatforms) = postSolution
		{8FC20FAC-38BD-4A2F-966B-44933B03BB38}.Debug|Any CPU.ActiveCfg = Debug|Any CPU
		{8FC20FAC-38BD-4A2F-966B-44933B03BB38}.Debug|Any CPU.Build.0 = Debug|Any CPU
		{8FC20FAC-38BD-4A2F-966B-44933B03BB38}.Release|Any CPU.ActiveCfg = Release|Any CPU
		{8FC20FAC-38BD-4A2F-966B-44933B03BB38}.Release|Any CPU.Build.0 = Release|Any CPU
	EndGlobalSection
	GlobalSection(SolutionProperties) = preSolution
		HideSolutionNode = FALSE
	EndGlobalSection
	GlobalSection(ExtensibilityGlobals) = postSolution
		SolutionGuid = {3D7CEC13-B9E6-4C16-A5C9-10245419CDB9}
	EndGlobalSection
EndGlobal
