
Microsoft Visual Studio Solution File, Format Version 12.00
# Visual Studio Version 17
VisualStudioVersion = 17.10.35201.131
MinimumVisualStudioVersion = 10.0.40219.1
Project("{FAE04EC0-301F-11D3-BF4B-00C04F79EFBC}") = "Loops", "Loops\Loops.csproj", "{83D219C6-8AA3-429D-B820-55D2AAB92C3B}"
EndProject
Global
	GlobalSection(SolutionConfigurationPlatforms) = preSolution
		Debug|Any CPU = Debug|Any CPU
		Release|Any CPU = Release|Any CPU
	EndGlobalSection
	GlobalSection(ProjectConfigurationPlatforms) = postSolution
		{83D219C6-8AA3-429D-B820-55D2AAB92C3B}.Debug|Any CPU.ActiveCfg = Debug|Any CPU
		{83D219C6-8AA3-429D-B820-55D2AAB92C3B}.Debug|Any CPU.Build.0 = Debug|Any CPU
		{83D219C6-8AA3-429D-B820-55D2AAB92C3B}.Release|Any CPU.ActiveCfg = Release|Any CPU
		{83D219C6-8AA3-429D-B820-55D2AAB92C3B}.Release|Any CPU.Build.0 = Release|Any CPU
	EndGlobalSection
	GlobalSection(SolutionProperties) = preSolution
		HideSolutionNode = FALSE
	EndGlobalSection
	GlobalSection(ExtensibilityGlobals) = postSolution
		SolutionGuid = {BBB39321-F90D-4388-87AA-9ADB05740371}
	EndGlobalSection
EndGlobal
